
Microsoft Visual Studio Solution File, Format Version 12.00
# Visual Studio Version 17
VisualStudioVersion = 17.7.34031.279
MinimumVisualStudioVersion = 10.0.40219.1
Project("{FAE04EC0-301F-11D3-BF4B-00C04F79EFBC}") = "WhatsNewCSharp8", "WhatsNewCSharp8\WhatsNewCSharp8.csproj", "{635BE153-C77E-4026-A9CA-1F1B6C2FF61C}"
EndProject
Global
	GlobalSection(SolutionConfigurationPlatforms) = preSolution
		Debug|Any CPU = Debug|Any CPU
		Release|Any CPU = Release|Any CPU
	EndGlobalSection
	GlobalSection(ProjectConfigurationPlatforms) = postSolution
		{635BE153-C77E-4026-A9CA-1F1B6C2FF61C}.Debug|Any CPU.ActiveCfg = Debug|Any CPU
		{635BE153-C77E-4026-A9CA-1F1B6C2FF61C}.Debug|Any CPU.Build.0 = Debug|Any CPU
		{635BE153-C77E-4026-A9CA-1F1B6C2FF61C}.Release|Any CPU.ActiveCfg = Release|Any CPU
		{635BE153-C77E-4026-A9CA-1F1B6C2FF61C}.Release|Any CPU.Build.0 = Release|Any CPU
	EndGlobalSection
	GlobalSection(SolutionProperties) = preSolution
		HideSolutionNode = FALSE
	EndGlobalSection
	GlobalSection(ExtensibilityGlobals) = postSolution
		SolutionGuid = {DA0311E0-0BD6-4E22-9E10-2DBF08AA387D}
	EndGlobalSection
EndGlobal
